
Microsoft Visual Studio Solution File, Format Version 12.00
# Visual Studio Version 16
VisualStudioVersion = 16.0.29411.108
MinimumVisualStudioVersion = 10.0.40219.1
Project("{FAE04EC0-301F-11D3-BF4B-00C04F79EFBC}") = "Open-Lab-02.03", "Open-Lab-02.03\Open-Lab-02.03.csproj", "{27FF589B-0623-4FCE-BD97-4FC151A6B281}"
EndProject
Global
	GlobalSection(SolutionConfigurationPlatforms) = preSolution
		Debug|Any CPU = Debug|Any CPU
		Release|Any CPU = Release|Any CPU
	EndGlobalSection
	GlobalSection(ProjectConfigurationPlatforms) = postSolution
		{27FF589B-0623-4FCE-BD97-4FC151A6B281}.Debug|Any CPU.ActiveCfg = Debug|Any CPU
		{27FF589B-0623-4FCE-BD97-4FC151A6B281}.Debug|Any CPU.Build.0 = Debug|Any CPU
		{27FF589B-0623-4FCE-BD97-4FC151A6B281}.Release|Any CPU.ActiveCfg = Release|Any CPU
		{27FF589B-0623-4FCE-BD97-4FC151A6B281}.Release|Any CPU.Build.0 = Release|Any CPU
	EndGlobalSection
	GlobalSection(SolutionProperties) = preSolution
		HideSolutionNode = FALSE
	EndGlobalSection
	GlobalSection(ExtensibilityGlobals) = postSolution
		SolutionGuid = {A5A88947-E585-4B86-B713-72D592A3004B}
	EndGlobalSection
EndGlobal
